
Microsoft Visual Studio Solution File, Format Version 12.00
# Visual Studio Version 17
VisualStudioVersion = 17.10.35122.118
MinimumVisualStudioVersion = 10.0.40219.1
Project("{888888A0-9F3D-457C-B088-3A5042F75D52}") = "PythonDjangoWebProject", "PythonDjangoWebProject\PythonDjangoWebProject.pyproj", "{26EA1E78-F554-4021-993F-22D12EC05CB5}"
EndProject
Global
	GlobalSection(SolutionConfigurationPlatforms) = preSolution
		Debug|Any CPU = Debug|Any CPU
		Release|Any CPU = Release|Any CPU
	EndGlobalSection
	GlobalSection(ProjectConfigurationPlatforms) = postSolution
		{26EA1E78-F554-4021-993F-22D12EC05CB5}.Debug|Any CPU.ActiveCfg = Debug|Any CPU
		{26EA1E78-F554-4021-993F-22D12EC05CB5}.Debug|Any CPU.Build.0 = Debug|Any CPU
		{26EA1E78-F554-4021-993F-22D12EC05CB5}.Release|Any CPU.ActiveCfg = Release|Any CPU
		{26EA1E78-F554-4021-993F-22D12EC05CB5}.Release|Any CPU.Build.0 = Release|Any CPU
	EndGlobalSection
	GlobalSection(SolutionProperties) = preSolution
		HideSolutionNode = FALSE
	EndGlobalSection
	GlobalSection(ExtensibilityGlobals) = postSolution
		SolutionGuid = {C0A71248-4BED-4951-8E67-277BCE255012}
	EndGlobalSection
EndGlobal
